
Microsoft Visual Studio Solution File, Format Version 12.00
# Visual Studio Version 17
VisualStudioVersion = 17.2.32616.157
MinimumVisualStudioVersion = 10.0.40219.1
Project("{FAE04EC0-301F-11D3-BF4B-00C04F79EFBC}") = "UI", "UI\UI.csproj", "{C83F57E7-968E-4A80-9CA8-9C20D321FBE7}"
EndProject
Project("{FAE04EC0-301F-11D3-BF4B-00C04F79EFBC}") = "DataAccess", "DataAccess\DataAccess.csproj", "{243F40A0-A885-45BE-9F4E-F4E48D76C11A}"
EndProject
Project("{FAE04EC0-301F-11D3-BF4B-00C04F79EFBC}") = "Core", "Core\Core.csproj", "{E18E1AC7-9FA4-4753-B45A-BEFDFB6F3D6F}"
EndProject
Project("{FAE04EC0-301F-11D3-BF4B-00C04F79EFBC}") = "Lab_Agent", "Lab_Agent\Lab_Agent.csproj", "{1B5FEF6C-F3F4-4317-98E0-08CBFD5481A6}"
EndProject
Global
	GlobalSection(SolutionConfigurationPlatforms) = preSolution
		Debug|Any CPU = Debug|Any CPU
		Release|Any CPU = Release|Any CPU
	EndGlobalSection
	GlobalSection(ProjectConfigurationPlatforms) = postSolution
		{C83F57E7-968E-4A80-9CA8-9C20D321FBE7}.Debug|Any CPU.ActiveCfg = Debug|Any CPU
		{C83F57E7-968E-4A80-9CA8-9C20D321FBE7}.Debug|Any CPU.Build.0 = Debug|Any CPU
		{C83F57E7-968E-4A80-9CA8-9C20D321FBE7}.Release|Any CPU.ActiveCfg = Release|Any CPU
		{C83F57E7-968E-4A80-9CA8-9C20D321FBE7}.Release|Any CPU.Build.0 = Release|Any CPU
		{243F40A0-A885-45BE-9F4E-F4E48D76C11A}.Debug|Any CPU.ActiveCfg = Debug|Any CPU
		{243F40A0-A885-45BE-9F4E-F4E48D76C11A}.Debug|Any CPU.Build.0 = Debug|Any CPU
		{243F40A0-A885-45BE-9F4E-F4E48D76C11A}.Release|Any CPU.ActiveCfg = Release|Any CPU
		{243F40A0-A885-45BE-9F4E-F4E48D76C11A}.Release|Any CPU.Build.0 = Release|Any CPU
		{E18E1AC7-9FA4-4753-B45A-BEFDFB6F3D6F}.Debug|Any CPU.ActiveCfg = Debug|Any CPU
		{E18E1AC7-9FA4-4753-B45A-BEFDFB6F3D6F}.Debug|Any CPU.Build.0 = Debug|Any CPU
		{E18E1AC7-9FA4-4753-B45A-BEFDFB6F3D6F}.Release|Any CPU.ActiveCfg = Release|Any CPU
		{E18E1AC7-9FA4-4753-B45A-BEFDFB6F3D6F}.Release|Any CPU.Build.0 = Release|Any CPU
		{1B5FEF6C-F3F4-4317-98E0-08CBFD5481A6}.Debug|Any CPU.ActiveCfg = Debug|Any CPU
		{1B5FEF6C-F3F4-4317-98E0-08CBFD5481A6}.Debug|Any CPU.Build.0 = Debug|Any CPU
		{1B5FEF6C-F3F4-4317-98E0-08CBFD5481A6}.Release|Any CPU.ActiveCfg = Release|Any CPU
		{1B5FEF6C-F3F4-4317-98E0-08CBFD5481A6}.Release|Any CPU.Build.0 = Release|Any CPU
	EndGlobalSection
	GlobalSection(SolutionProperties) = preSolution
		HideSolutionNode = FALSE
	EndGlobalSection
	GlobalSection(ExtensibilityGlobals) = postSolution
		SolutionGuid = {6C6BE20D-FC54-4E04-9B24-D6DE20506BD7}
	EndGlobalSection
EndGlobal
